// !$*UTF8*$!
{
	archiveVersion = 1;
	classes = {
	};
	objectVersion = 56;
	objects = {

/* Begin PBXBuildFile section */
		7713CF3B2BF11204003E8C21 /* sui_weatherApp.swift in Sources */ = {isa = PBXBuildFile; fileRef = 7713CF3A2BF11204003E8C21 /* sui_weatherApp.swift */; };
		7713CF3D2BF11204003E8C21 /* ContentView.swift in Sources */ = {isa = PBXBuildFile; fileRef = 7713CF3C2BF11204003E8C21 /* ContentView.swift */; };
		7713CF3F2BF11206003E8C21 /* Assets.xcassets in Resources */ = {isa = PBXBuildFile; fileRef = 7713CF3E2BF11206003E8C21 /* Assets.xcassets */; };
		7713CF422BF11206003E8C21 /* Preview Assets.xcassets in Resources */ = {isa = PBXBuildFile; fileRef = 7713CF412BF11206003E8C21 /* Preview Assets.xcassets */; };
		7727FB072BF242E200138266 /* WeatherService.swift in Sources */ = {isa = PBXBuildFile; fileRef = 7727FB062BF242E200138266 /* WeatherService.swift */; };
		77DC85932C04B468000D2B3F /* DTO.swift in Sources */ = {isa = PBXBuildFile; fileRef = 77DC85922C04B468000D2B3F /* DTO.swift */; };
		77DC85962C04B990000D2B3F /* Kingfisher in Frameworks */ = {isa = PBXBuildFile; productRef = 77DC85952C04B990000D2B3F /* Kingfisher */; };
		77DC85982C04BDB6000D2B3F /* WeatherViewModel.swift in Sources */ = {isa = PBXBuildFile; fileRef = 77DC85972C04BDB6000D2B3F /* WeatherViewModel.swift */; };
		77DC859E2C04D758000D2B3F /* String+Ext.swift in Sources */ = {isa = PBXBuildFile; fileRef = 77DC859D2C04D758000D2B3F /* String+Ext.swift */; };
		77F7D9CD2BF13C6200C17705 /* WeatherButton.swift in Sources */ = {isa = PBXBuildFile; fileRef = 77F7D9CC2BF13C6200C17705 /* WeatherButton.swift */; };
/* End PBXBuildFile section */

/* Begin PBXFileReference section */
		7713CF372BF11204003E8C21 /* sui-weather.app */ = {isa = PBXFileReference; explicitFileType = wrapper.application; includeInIndex = 0; path = "sui-weather.app"; sourceTree = BUILT_PRODUCTS_DIR; };
		7713CF3A2BF11204003E8C21 /* sui_weatherApp.swift */ = {isa = PBXFileReference; lastKnownFileType = sourcecode.swift; path = sui_weatherApp.swift; sourceTree = "<group>"; };
		7713CF3C2BF11204003E8C21 /* ContentView.swift */ = {isa = PBXFileReference; lastKnownFileType = sourcecode.swift; path = ContentView.swift; sourceTree = "<group>"; };
		7713CF3E2BF11206003E8C21 /* Assets.xcassets */ = {isa = PBXFileReference; lastKnownFileType = folder.assetcatalog; path = Assets.xcassets; sourceTree = "<group>"; };
		7713CF412BF11206003E8C21 /* Preview Assets.xcassets */ = {isa = PBXFileReference; lastKnownFileType = folder.assetcatalog; path = "Preview Assets.xcassets"; sourceTree = "<group>"; };
		7727FB062BF242E200138266 /* WeatherService.swift */ = {isa = PBXFileReference; lastKnownFileType = sourcecode.swift; path = WeatherService.swift; sourceTree = "<group>"; };
		77DC85922C04B468000D2B3F /* DTO.swift */ = {isa = PBXFileReference; lastKnownFileType = sourcecode.swift; path = DTO.swift; sourceTree = "<group>"; };
		77DC85972C04BDB6000D2B3F /* WeatherViewModel.swift */ = {isa = PBXFileReference; lastKnownFileType = sourcecode.swift; path = WeatherViewModel.swift; sourceTree = "<group>"; };
		77DC859A2C04C4F4000D2B3F /* Info.plist */ = {isa = PBXFileReference; lastKnownFileType = text.plist; path = Info.plist; sourceTree = "<group>"; };
		77DC859D2C04D758000D2B3F /* String+Ext.swift */ = {isa = PBXFileReference; lastKnownFileType = sourcecode.swift; path = "String+Ext.swift"; sourceTree = "<group>"; };
		77F7D9CC2BF13C6200C17705 /* WeatherButton.swift */ = {isa = PBXFileReference; lastKnownFileType = sourcecode.swift; path = WeatherButton.swift; sourceTree = "<group>"; };
/* End PBXFileReference section */

/* Begin PBXFrameworksBuildPhase section */
		7713CF342BF11204003E8C21 /* Frameworks */ = {
			isa = PBXFrameworksBuildPhase;
			buildActionMask = 2147483647;
			files = (
				77DC85962C04B990000D2B3F /* Kingfisher in Frameworks */,
			);
			runOnlyForDeploymentPostprocessing = 0;
		};
/* End PBXFrameworksBuildPhase section */

/* Begin PBXGroup section */
		7713CF2E2BF11204003E8C21 = {
			isa = PBXGroup;
			children = (
				7713CF392BF11204003E8C21 /* sui-weather */,
				7713CF382BF11204003E8C21 /* Products */,
			);
			sourceTree = "<group>";
		};
		7713CF382BF11204003E8C21 /* Products */ = {
			isa = PBXGroup;
			children = (
				7713CF372BF11204003E8C21 /* sui-weather.app */,
			);
			name = Products;
			sourceTree = "<group>";
		};
		7713CF392BF11204003E8C21 /* sui-weather */ = {
			isa = PBXGroup;
			children = (
				77DC85992C04BE24000D2B3F /* WeatherScreen */,
				77DC859C2C04D5E6000D2B3F /* CustomContent */,
				77DC859B2C04D5D7000D2B3F /* Model */,
				77DC859F2C04D9FF000D2B3F /* Extensions  */,
				7713CF3A2BF11204003E8C21 /* sui_weatherApp.swift */,
				7713CF3E2BF11206003E8C21 /* Assets.xcassets */,
				77DC859A2C04C4F4000D2B3F /* Info.plist */,
				7713CF402BF11206003E8C21 /* Preview Content */,
			);
			path = "sui-weather";
			sourceTree = "<group>";
		};
		7713CF402BF11206003E8C21 /* Preview Content */ = {
			isa = PBXGroup;
			children = (
				7713CF412BF11206003E8C21 /* Preview Assets.xcassets */,
			);
			path = "Preview Content";
			sourceTree = "<group>";
		};
		77DC85992C04BE24000D2B3F /* WeatherScreen */ = {
			isa = PBXGroup;
			children = (
				7713CF3C2BF11204003E8C21 /* ContentView.swift */,
				77DC85972C04BDB6000D2B3F /* WeatherViewModel.swift */,
			);
			path = WeatherScreen;
			sourceTree = "<group>";
		};
		77DC859B2C04D5D7000D2B3F /* Model */ = {
			isa = PBXGroup;
			children = (
				77DC85922C04B468000D2B3F /* DTO.swift */,
				7727FB062BF242E200138266 /* WeatherService.swift */,
			);
			path = Model;
			sourceTree = "<group>";
		};
		77DC859C2C04D5E6000D2B3F /* CustomContent */ = {
			isa = PBXGroup;
			children = (
				77F7D9CC2BF13C6200C17705 /* WeatherButton.swift */,
			);
			path = CustomContent;
			sourceTree = "<group>";
		};
		77DC859F2C04D9FF000D2B3F /* Extensions  */ = {
			isa = PBXGroup;
			children = (
				77DC859D2C04D758000D2B3F /* String+Ext.swift */,
			);
			path = "Extensions ";
			sourceTree = "<group>";
		};
/* End PBXGroup section */

/* Begin PBXNativeTarget section */
		7713CF362BF11204003E8C21 /* sui-weather */ = {
			isa = PBXNativeTarget;
			buildConfigurationList = 7713CF452BF11206003E8C21 /* Build configuration list for PBXNativeTarget "sui-weather" */;
			buildPhases = (
				7713CF332BF11204003E8C21 /* Sources */,
				7713CF342BF11204003E8C21 /* Frameworks */,
				7713CF352BF11204003E8C21 /* Resources */,
			);
			buildRules = (
			);
			dependencies = (
			);
			name = "sui-weather";
			packageProductDependencies = (
				77DC85952C04B990000D2B3F /* Kingfisher */,
			);
			productName = "sui-weather";
			productReference = 7713CF372BF11204003E8C21 /* sui-weather.app */;
			productType = "com.apple.product-type.application";
		};
/* End PBXNativeTarget section */

/* Begin PBXProject section */
		7713CF2F2BF11204003E8C21 /* Project object */ = {
			isa = PBXProject;
			attributes = {
				BuildIndependentTargetsInParallel = 1;
				LastSwiftUpdateCheck = 1530;
				LastUpgradeCheck = 1530;
				TargetAttributes = {
					7713CF362BF11204003E8C21 = {
						CreatedOnToolsVersion = 15.3;
					};
				};
			};
			buildConfigurationList = 7713CF322BF11204003E8C21 /* Build configuration list for PBXProject "sui-weather" */;
			compatibilityVersion = "Xcode 14.0";
			developmentRegion = en;
			hasScannedForEncodings = 0;
			knownRegions = (
				en,
				Base,
			);
			mainGroup = 7713CF2E2BF11204003E8C21;
			packageReferences = (
				77DC85942C04B990000D2B3F /* XCRemoteSwiftPackageReference "Kingfisher" */,
			);
			productRefGroup = 7713CF382BF11204003E8C21 /* Products */;
			projectDirPath = "";
			projectRoot = "";
			targets = (
				7713CF362BF11204003E8C21 /* sui-weather */,
			);
		};
/* End PBXProject section */

/* Begin PBXResourcesBuildPhase section */
		7713CF352BF11204003E8C21 /* Resources */ = {
			isa = PBXResourcesBuildPhase;
			buildActionMask = 2147483647;
			files = (
				7713CF422BF11206003E8C21 /* Preview Assets.xcassets in Resources */,
				7713CF3F2BF11206003E8C21 /* Assets.xcassets in Resources */,
			);
			runOnlyForDeploymentPostprocessing = 0;
		};
/* End PBXResourcesBuildPhase section */

/* Begin PBXSourcesBuildPhase section */
		7713CF332BF11204003E8C21 /* Sources */ = {
			isa = PBXSourcesBuildPhase;
			buildActionMask = 2147483647;
			files = (
				7727FB072BF242E200138266 /* WeatherService.swift in Sources */,
				77DC859E2C04D758000D2B3F /* String+Ext.swift in Sources */,
				77DC85982C04BDB6000D2B3F /* WeatherViewModel.swift in Sources */,
				7713CF3D2BF11204003E8C21 /* ContentView.swift in Sources */,
				7713CF3B2BF11204003E8C21 /* sui_weatherApp.swift in Sources */,
				77F7D9CD2BF13C6200C17705 /* WeatherButton.swift in Sources */,
				77DC85932C04B468000D2B3F /* DTO.swift in Sources */,
			);
			runOnlyForDeploymentPostprocessing = 0;
		};
/* End PBXSourcesBuildPhase section */

/* Begin XCBuildConfiguration section */
		7713CF432BF11206003E8C21 /* Debug */ = {
			isa = XCBuildConfiguration;
			buildSettings = {
				ALWAYS_SEARCH_USER_PATHS = NO;
				ASSETCATALOG_COMPILER_GENERATE_SWIFT_ASSET_SYMBOL_EXTENSIONS = YES;
				CLANG_ANALYZER_NONNULL = YES;
				CLANG_ANALYZER_NUMBER_OBJECT_CONVERSION = YES_AGGRESSIVE;
				CLANG_CXX_LANGUAGE_STANDARD = "gnu++20";
				CLANG_ENABLE_MODULES = YES;
				CLANG_ENABLE_OBJC_ARC = YES;
				CLANG_ENABLE_OBJC_WEAK = YES;
				CLANG_WARN_BLOCK_CAPTURE_AUTORELEASING = YES;
				CLANG_WARN_BOOL_CONVERSION = YES;
				CLANG_WARN_COMMA = YES;
				CLANG_WARN_CONSTANT_CONVERSION = YES;
				CLANG_WARN_DEPRECATED_OBJC_IMPLEMENTATIONS = YES;
				CLANG_WARN_DIRECT_OBJC_ISA_USAGE = YES_ERROR;
				CLANG_WARN_DOCUMENTATION_COMMENTS = YES;
				CLANG_WARN_EMPTY_BODY = YES;
				CLANG_WARN_ENUM_CONVERSION = YES;
				CLANG_WARN_INFINITE_RECURSION = YES;
				CLANG_WARN_INT_CONVERSION = YES;
				CLANG_WARN_NON_LITERAL_NULL_CONVERSION = YES;
				CLANG_WARN_OBJC_IMPLICIT_RETAIN_SELF = YES;
				CLANG_WARN_OBJC_LITERAL_CONVERSION = YES;
				CLANG_WARN_OBJC_ROOT_CLASS = YES_ERROR;
				CLANG_WARN_QUOTED_INCLUDE_IN_FRAMEWORK_HEADER = YES;
				CLANG_WARN_RANGE_LOOP_ANALYSIS = YES;
				CLANG_WARN_STRICT_PROTOTYPES = YES;
				CLANG_WARN_SUSPICIOUS_MOVE = YES;
				CLANG_WARN_UNGUARDED_AVAILABILITY = YES_AGGRESSIVE;
				CLANG_WARN_UNREACHABLE_CODE = YES;
				CLANG_WARN__DUPLICATE_METHOD_MATCH = YES;
				COPY_PHASE_STRIP = NO;
				DEBUG_INFORMATION_FORMAT = dwarf;
				ENABLE_STRICT_OBJC_MSGSEND = YES;
				ENABLE_TESTABILITY = YES;
				ENABLE_USER_SCRIPT_SANDBOXING = YES;
				GCC_C_LANGUAGE_STANDARD = gnu17;
				GCC_DYNAMIC_NO_PIC = NO;
				GCC_NO_COMMON_BLOCKS = YES;
				GCC_OPTIMIZATION_LEVEL = 0;
				GCC_PREPROCESSOR_DEFINITIONS = (
					"DEBUG=1",
					"$(inherited)",
				);
				GCC_WARN_64_TO_32_BIT_CONVERSION = YES;
				GCC_WARN_ABOUT_RETURN_TYPE = YES_ERROR;
				GCC_WARN_UNDECLARED_SELECTOR = YES;
				GCC_WARN_UNINITIALIZED_AUTOS = YES_AGGRESSIVE;
				GCC_WARN_UNUSED_FUNCTION = YES;
				GCC_WARN_UNUSED_VARIABLE = YES;
				IPHONEOS_DEPLOYMENT_TARGET = 17.4;
				LOCALIZATION_PREFERS_STRING_CATALOGS = YES;
				MTL_ENABLE_DEBUG_INFO = INCLUDE_SOURCE;
				MTL_FAST_MATH = YES;
				ONLY_ACTIVE_ARCH = YES;
				SDKROOT = iphoneos;
				SWIFT_ACTIVE_COMPILATION_CONDITIONS = "DEBUG $(inherited)";
				SWIFT_OPTIMIZATION_LEVEL = "-Onone";
			};
			name = Debug;
		};
		7713CF442BF11206003E8C21 /* Release */ = {
			isa = XCBuildConfiguration;
			buildSettings = {
				ALWAYS_SEARCH_USER_PATHS = NO;
				ASSETCATALOG_COMPILER_GENERATE_SWIFT_ASSET_SYMBOL_EXTENSIONS = YES;
				CLANG_ANALYZER_NONNULL = YES;
				CLANG_ANALYZER_NUMBER_OBJECT_CONVERSION = YES_AGGRESSIVE;
				CLANG_CXX_LANGUAGE_STANDARD = "gnu++20";
				CLANG_ENABLE_MODULES = YES;
				CLANG_ENABLE_OBJC_ARC = YES;
				CLANG_ENABLE_OBJC_WEAK = YES;
				CLANG_WARN_BLOCK_CAPTURE_AUTORELEASING = YES;
				CLANG_WARN_BOOL_CONVERSION = YES;
				CLANG_WARN_COMMA = YES;
				CLANG_WARN_CONSTANT_CONVERSION = YES;
				CLANG_WARN_DEPRECATED_OBJC_IMPLEMENTATIONS = YES;
				CLANG_WARN_DIRECT_OBJC_ISA_USAGE = YES_ERROR;
				CLANG_WARN_DOCUMENTATION_COMMENTS = YES;
				CLANG_WARN_EMPTY_BODY = YES;
				CLANG_WARN_ENUM_CONVERSION = YES;
				CLANG_WARN_INFINITE_RECURSION = YES;
				CLANG_WARN_INT_CONVERSION = YES;
				CLANG_WARN_NON_LITERAL_NULL_CONVERSION = YES;
				CLANG_WARN_OBJC_IMPLICIT_RETAIN_SELF = YES;
				CLANG_WARN_OBJC_LITERAL_CONVERSION = YES;
				CLANG_WARN_OBJC_ROOT_CLASS = YES_ERROR;
				CLANG_WARN_QUOTED_INCLUDE_IN_FRAMEWORK_HEADER = YES;
				CLANG_WARN_RANGE_LOOP_ANALYSIS = YES;
				CLANG_WARN_STRICT_PROTOTYPES = YES;
				CLANG_WARN_SUSPICIOUS_MOVE = YES;
				CLANG_WARN_UNGUARDED_AVAILABILITY = YES_AGGRESSIVE;
				CLANG_WARN_UNREACHABLE_CODE = YES;
				CLANG_WARN__DUPLICATE_METHOD_MATCH = YES;
				COPY_PHASE_STRIP = NO;
				DEBUG_INFORMATION_FORMAT = "dwarf-with-dsym";
				ENABLE_NS_ASSERTIONS = NO;
				ENABLE_STRICT_OBJC_MSGSEND = YES;
				ENABLE_USER_SCRIPT_SANDBOXING = YES;
				GCC_C_LANGUAGE_STANDARD = gnu17;
				GCC_NO_COMMON_BLOCKS = YES;
				GCC_WARN_64_TO_32_BIT_CONVERSION = YES;
				GCC_WARN_ABOUT_RETURN_TYPE = YES_ERROR;
				GCC_WARN_UNDECLARED_SELECTOR = YES;
				GCC_WARN_UNINITIALIZED_AUTOS = YES_AGGRESSIVE;
				GCC_WARN_UNUSED_FUNCTION = YES;
				GCC_WARN_UNUSED_VARIABLE = YES;
				IPHONEOS_DEPLOYMENT_TARGET = 17.4;
				LOCALIZATION_PREFERS_STRING_CATALOGS = YES;
				MTL_ENABLE_DEBUG_INFO = NO;
				MTL_FAST_MATH = YES;
				SDKROOT = iphoneos;
				SWIFT_COMPILATION_MODE = wholemodule;
				VALIDATE_PRODUCT = YES;
			};
			name = Release;
		};
		7713CF462BF11206003E8C21 /* Debug */ = {
			isa = XCBuildConfiguration;
			buildSettings = {
				ASSETCATALOG_COMPILER_APPICON_NAME = AppIcon;
				ASSETCATALOG_COMPILER_GLOBAL_ACCENT_COLOR_NAME = AccentColor;
				CODE_SIGN_STYLE = Automatic;
				CURRENT_PROJECT_VERSION = 1;
				DEVELOPMENT_ASSET_PATHS = "\"sui-weather/Preview Content\"";
				DEVELOPMENT_TEAM = H7H9P2C2C5;
				ENABLE_PREVIEWS = YES;
				GENERATE_INFOPLIST_FILE = YES;
				INFOPLIST_FILE = "sui-weather/Info.plist";
				INFOPLIST_KEY_CFBundleDisplayName = "";
				INFOPLIST_KEY_LSApplicationCategoryType = "";
				INFOPLIST_KEY_UIApplicationSceneManifest_Generation = YES;
				INFOPLIST_KEY_UIApplicationSupportsIndirectInputEvents = YES;
				INFOPLIST_KEY_UILaunchScreen_Generation = YES;
				INFOPLIST_KEY_UISupportedInterfaceOrientations_iPad = "UIInterfaceOrientationPortrait UIInterfaceOrientationPortraitUpsideDown UIInterfaceOrientationLandscapeLeft UIInterfaceOrientationLandscapeRight";
				INFOPLIST_KEY_UISupportedInterfaceOrientations_iPhone = "UIInterfaceOrientationPortrait UIInterfaceOrientationLandscapeLeft UIInterfaceOrientationLandscapeRight";
				LD_RUNPATH_SEARCH_PATHS = (
					"$(inherited)",
					"@executable_path/Frameworks",
				);
				MARKETING_VERSION = 1.0;
				PRODUCT_BUNDLE_IDENTIFIER = "Egor-Tushev.sui-weather";
				PRODUCT_NAME = "$(TARGET_NAME)";
				SUPPORTED_PLATFORMS = "iphoneos iphonesimulator";
				SUPPORTS_MACCATALYST = NO;
				SUPPORTS_MAC_DESIGNED_FOR_IPHONE_IPAD = NO;
				SUPPORTS_XR_DESIGNED_FOR_IPHONE_IPAD = NO;
				SWIFT_EMIT_LOC_STRINGS = YES;
				SWIFT_VERSION = 5.0;
				TARGETED_DEVICE_FAMILY = 1;
			};
			name = Debug;
		};
		7713CF472BF11206003E8C21 /* Release */ = {
			isa = XCBuildConfiguration;
			buildSettings = {
				ASSETCATALOG_COMPILER_APPICON_NAME = AppIcon;
				ASSETCATALOG_COMPILER_GLOBAL_ACCENT_COLOR_NAME = AccentColor;
				CODE_SIGN_STYLE = Automatic;
				CURRENT_PROJECT_VERSION = 1;
				DEVELOPMENT_ASSET_PATHS = "\"sui-weather/Preview Content\"";
				DEVELOPMENT_TEAM = H7H9P2C2C5;
				ENABLE_PREVIEWS = YES;
				GENERATE_INFOPLIST_FILE = YES;
				INFOPLIST_FILE = "sui-weather/Info.plist";
				INFOPLIST_KEY_CFBundleDisplayName = "";
				INFOPLIST_KEY_LSApplicationCategoryType = "";
				INFOPLIST_KEY_UIApplicationSceneManifest_Generation = YES;
				INFOPLIST_KEY_UIApplicationSupportsIndirectInputEvents = YES;
				INFOPLIST_KEY_UILaunchScreen_Generation = YES;
				INFOPLIST_KEY_UISupportedInterfaceOrientations_iPad = "UIInterfaceOrientationPortrait UIInterfaceOrientationPortraitUpsideDown UIInterfaceOrientationLandscapeLeft UIInterfaceOrientationLandscapeRight";
				INFOPLIST_KEY_UISupportedInterfaceOrientations_iPhone = "UIInterfaceOrientationPortrait UIInterfaceOrientationLandscapeLeft UIInterfaceOrientationLandscapeRight";
				LD_RUNPATH_SEARCH_PATHS = (
					"$(inherited)",
					"@executable_path/Frameworks",
				);
				MARKETING_VERSION = 1.0;
				PRODUCT_BUNDLE_IDENTIFIER = "Egor-Tushev.sui-weather";
				PRODUCT_NAME = "$(TARGET_NAME)";
				SUPPORTED_PLATFORMS = "iphoneos iphonesimulator";
				SUPPORTS_MACCATALYST = NO;
				SUPPORTS_MAC_DESIGNED_FOR_IPHONE_IPAD = NO;
				SUPPORTS_XR_DESIGNED_FOR_IPHONE_IPAD = NO;
				SWIFT_EMIT_LOC_STRINGS = YES;
				SWIFT_VERSION = 5.0;
				TARGETED_DEVICE_FAMILY = 1;
			};
			name = Release;
		};
/* End XCBuildConfiguration section */

/* Begin XCConfigurationList section */
		7713CF322BF11204003E8C21 /* Build configuration list for PBXProject "sui-weather" */ = {
			isa = XCConfigurationList;
			buildConfigurations = (
				7713CF432BF11206003E8C21 /* Debug */,
				7713CF442BF11206003E8C21 /* Release */,
			);
			defaultConfigurationIsVisible = 0;
			defaultConfigurationName = Release;
		};
		7713CF452BF11206003E8C21 /* Build configuration list for PBXNativeTarget "sui-weather" */ = {
			isa = XCConfigurationList;
			buildConfigurations = (
				7713CF462BF11206003E8C21 /* Debug */,
				7713CF472BF11206003E8C21 /* Release */,
			);
			defaultConfigurationIsVisible = 0;
			defaultConfigurationName = Release;
		};
/* End XCConfigurationList section */

/* Begin XCRemoteSwiftPackageReference section */
		77DC85942C04B990000D2B3F /* XCRemoteSwiftPackageReference "Kingfisher" */ = {
			isa = XCRemoteSwiftPackageReference;
			repositoryURL = "https://github.com/onevcat/Kingfisher";
			requirement = {
				kind = upToNextMajorVersion;
				minimumVersion = 7.11.0;
			};
		};
/* End XCRemoteSwiftPackageReference section */

/* Begin XCSwiftPackageProductDependency section */
		77DC85952C04B990000D2B3F /* Kingfisher */ = {
			isa = XCSwiftPackageProductDependency;
			package = 77DC85942C04B990000D2B3F /* XCRemoteSwiftPackageReference "Kingfisher" */;
			productName = Kingfisher;
		};
/* End XCSwiftPackageProductDependency section */
	};
	rootObject = 7713CF2F2BF11204003E8C21 /* Project object */;
}
